{
  "name": "quantlib-wasm",
  "version": "1.0.0",
  "lockfileVersion": 3,
  "requires": true,
  "packages": {
    "": {
      "name": "quantlib-wasm",
      "version": "1.0.0",
      "license": "MIT",
      "dependencies": {
        "quantlib-wasm": "^1.36.1"
      }
    },
    "node_modules/quantlib-wasm": {
      "version": "1.36.1",
      "resolved": "https://registry.npmjs.org/quantlib-wasm/-/quantlib-wasm-1.36.1.tgz",
      "integrity": "sha512-OdyuMchhyekYkyFNcyV982oXsjfTm6Gbbho5mi3Op+Oc2f/LBSIqSQZFWjeyY0bOdWzCJJYxSLqIptAnIIZ1rQ==",
      "license": "BSD-3-Clause-Attribution"
    }
  }
}
